
Microsoft Visual Studio Solution File, Format Version 12.00
# Visual Studio Version 16
VisualStudioVersion = 16.0.29609.76
MinimumVisualStudioVersion = 10.0.40219.1
Project("{FAE04EC0-301F-11D3-BF4B-00C04F79EFBC}") = "SiparisOtomasyonSistemi.UI", "DXApplication1\SiparisOtomasyonSistemi.UI\SiparisOtomasyonSistemi.UI.csproj", "{688730A5-3EE4-4CC6-9C9D-251A9AF0BCB8}"
EndProject
Global
	GlobalSection(SolutionConfigurationPlatforms) = preSolution
		Debug|Any CPU = Debug|Any CPU
		Release|Any CPU = Release|Any CPU
	EndGlobalSection
	GlobalSection(ProjectConfigurationPlatforms) = postSolution
		{688730A5-3EE4-4CC6-9C9D-251A9AF0BCB8}.Debug|Any CPU.ActiveCfg = Debug|Any CPU
		{688730A5-3EE4-4CC6-9C9D-251A9AF0BCB8}.Debug|Any CPU.Build.0 = Debug|Any CPU
		{688730A5-3EE4-4CC6-9C9D-251A9AF0BCB8}.Release|Any CPU.ActiveCfg = Release|Any CPU
		{688730A5-3EE4-4CC6-9C9D-251A9AF0BCB8}.Release|Any CPU.Build.0 = Release|Any CPU
	EndGlobalSection
	GlobalSection(SolutionProperties) = preSolution
		HideSolutionNode = FALSE
	EndGlobalSection
	GlobalSection(ExtensibilityGlobals) = postSolution
		SolutionGuid = {566B311B-D8BC-4601-A42E-2DC7D7DD07CD}
	EndGlobalSection
EndGlobal
